{
  "name": "dmgcalc",
  "version": "0.0.1",
  "lockfileVersion": 1,
  "requires": true,
  "dependencies": {
    "jquery-extend": {
      "version": "2.0.3",
      "resolved": "https://registry.npmjs.org/jquery-extend/-/jquery-extend-2.0.3.tgz",
      "integrity": "sha1-aBXNsBqGbdujDm9ND8X7ZnknJzU="
    }
  }
}
